
Microsoft Visual Studio Solution File, Format Version 11.00
# Visual Studio 2010
Project("{FAE04EC0-301F-11D3-BF4B-00C04F79EFBC}") = "ThreejsEditor", "ThreejsEditor.csproj", "{2616AEE3-26B5-866D-9107-59AC2AE11D18}"
EndProject
Project("{FAE04EC0-301F-11D3-BF4B-00C04F79EFBC}") = "Assembly-CSharp", "Assembly-CSharp.csproj", "{68B37B26-59D7-5AFA-548E-30A84C8D0E62}"
EndProject
Global
	GlobalSection(SolutionConfigurationPlatforms) = preSolution
		Debug|Any CPU = Debug|Any CPU
		Release|Any CPU = Release|Any CPU
	EndGlobalSection
	GlobalSection(ProjectConfigurationPlatforms) = postSolution
		{2616AEE3-26B5-866D-9107-59AC2AE11D18}.Debug|Any CPU.ActiveCfg = Debug|Any CPU
		{2616AEE3-26B5-866D-9107-59AC2AE11D18}.Debug|Any CPU.Build.0 = Debug|Any CPU
		{2616AEE3-26B5-866D-9107-59AC2AE11D18}.Release|Any CPU.ActiveCfg = Release|Any CPU
		{2616AEE3-26B5-866D-9107-59AC2AE11D18}.Release|Any CPU.Build.0 = Release|Any CPU
		{68B37B26-59D7-5AFA-548E-30A84C8D0E62}.Debug|Any CPU.ActiveCfg = Debug|Any CPU
		{68B37B26-59D7-5AFA-548E-30A84C8D0E62}.Debug|Any CPU.Build.0 = Debug|Any CPU
		{68B37B26-59D7-5AFA-548E-30A84C8D0E62}.Release|Any CPU.ActiveCfg = Release|Any CPU
		{68B37B26-59D7-5AFA-548E-30A84C8D0E62}.Release|Any CPU.Build.0 = Release|Any CPU
	EndGlobalSection
	GlobalSection(SolutionProperties) = preSolution
		HideSolutionNode = FALSE
	EndGlobalSection
EndGlobal
